
Microsoft Visual Studio Solution File, Format Version 12.00
# Visual Studio 15
VisualStudioVersion = 15.0.26730.3
MinimumVisualStudioVersion = 10.0.40219.1
Project("{FAE04EC0-301F-11D3-BF4B-00C04F79EFBC}") = "graficos por tortuga", "graficos por tortuga\graficos por tortuga.csproj", "{5BB8A152-925D-4171-85B2-46DCB065DD3B}"
EndProject
Global
	GlobalSection(SolutionConfigurationPlatforms) = preSolution
		Debug|Any CPU = Debug|Any CPU
		Release|Any CPU = Release|Any CPU
	EndGlobalSection
	GlobalSection(ProjectConfigurationPlatforms) = postSolution
		{5BB8A152-925D-4171-85B2-46DCB065DD3B}.Debug|Any CPU.ActiveCfg = Debug|Any CPU
		{5BB8A152-925D-4171-85B2-46DCB065DD3B}.Debug|Any CPU.Build.0 = Debug|Any CPU
		{5BB8A152-925D-4171-85B2-46DCB065DD3B}.Release|Any CPU.ActiveCfg = Release|Any CPU
		{5BB8A152-925D-4171-85B2-46DCB065DD3B}.Release|Any CPU.Build.0 = Release|Any CPU
	EndGlobalSection
	GlobalSection(SolutionProperties) = preSolution
		HideSolutionNode = FALSE
	EndGlobalSection
	GlobalSection(ExtensibilityGlobals) = postSolution
		SolutionGuid = {DA4218BA-019C-4D5D-8BE1-8FFB567BFDDC}
	EndGlobalSection
EndGlobal
