
Microsoft Visual Studio Solution File, Format Version 12.00
# Visual Studio 15
VisualStudioVersion = 15.0.27130.2036
MinimumVisualStudioVersion = 10.0.40219.1
Project("{FAE04EC0-301F-11D3-BF4B-00C04F79EFBC}") = "ColaderadeEratostenes", "ColaderadeEratostenes\ColaderadeEratostenes.csproj", "{55E7C102-A521-4DF9-A581-245883914BAC}"
EndProject
Global
	GlobalSection(SolutionConfigurationPlatforms) = preSolution
		Debug|Any CPU = Debug|Any CPU
		Release|Any CPU = Release|Any CPU
	EndGlobalSection
	GlobalSection(ProjectConfigurationPlatforms) = postSolution
		{55E7C102-A521-4DF9-A581-245883914BAC}.Debug|Any CPU.ActiveCfg = Debug|Any CPU
		{55E7C102-A521-4DF9-A581-245883914BAC}.Debug|Any CPU.Build.0 = Debug|Any CPU
		{55E7C102-A521-4DF9-A581-245883914BAC}.Release|Any CPU.ActiveCfg = Release|Any CPU
		{55E7C102-A521-4DF9-A581-245883914BAC}.Release|Any CPU.Build.0 = Release|Any CPU
	EndGlobalSection
	GlobalSection(SolutionProperties) = preSolution
		HideSolutionNode = FALSE
	EndGlobalSection
	GlobalSection(ExtensibilityGlobals) = postSolution
		SolutionGuid = {453930BB-5AE0-4520-848D-4DAB1D0F3039}
	EndGlobalSection
EndGlobal
